
Microsoft Visual Studio Solution File, Format Version 12.00
Project("{2150E333-8FDC-42A3-9474-1A3956D46DE8}") = "services", "services", "{A9E5A2F0-019D-4B0B-B098-731A8E370FD8}"
EndProject
Project("{2150E333-8FDC-42A3-9474-1A3956D46DE8}") = "K8S", "K8S", "{DBA967BC-F30C-4457-9528-3BD27692744C}"
EndProject
Project("{2150E333-8FDC-42A3-9474-1A3956D46DE8}") = "client", "client", "{55973DA7-A6BF-422C-8A44-8B8820E91722}"
EndProject
Project("{2150E333-8FDC-42A3-9474-1A3956D46DE8}") = "desktop", "desktop", "{AD5C71E6-D723-41E9-888E-6D8A4F444530}"
EndProject
Project("{FAE04EC0-301F-11D3-BF4B-00C04F79EFBC}") = "CryptoPro.WpfApp", "client\desktop\CryptoPro.WpfApp\CryptoPro.WpfApp.csproj", "{1D5D248E-E112-49D2-AC2F-9E666A562028}"
EndProject
Project("{2150E333-8FDC-42A3-9474-1A3956D46DE8}") = "CryptoPro.BotsService", "CryptoPro.BotsService", "{C182A16F-7823-4123-823B-2AECE3880877}"
EndProject
Project("{2150E333-8FDC-42A3-9474-1A3956D46DE8}") = "CryptoPro.CoinsService", "CryptoPro.CoinsService", "{043A397D-A96E-40EF-8210-31F121D2F717}"
EndProject
Project("{2150E333-8FDC-42A3-9474-1A3956D46DE8}") = "CryptoPro.ClientsService", "CryptoPro.ClientsService", "{A4A44EE4-8128-44E8-A0BA-E06A96AD91F3}"
EndProject
Project("{2150E333-8FDC-42A3-9474-1A3956D46DE8}") = "Core", "Core", "{558F9A14-F30D-45EB-8F57-0390F8287279}"
EndProject
Project("{2150E333-8FDC-42A3-9474-1A3956D46DE8}") = "Infrastructure", "Infrastructure", "{DE03F14B-1A62-4D0B-9931-5C1C1413BB5B}"
EndProject
Project("{2150E333-8FDC-42A3-9474-1A3956D46DE8}") = "Presentation", "Presentation", "{E835523A-DD37-42FE-A5D4-8A1050CFA303}"
EndProject
Project("{2150E333-8FDC-42A3-9474-1A3956D46DE8}") = "Tests", "Tests", "{7F340B82-F5FC-4A0D-85A1-644BD1EDB153}"
EndProject
Project("{2150E333-8FDC-42A3-9474-1A3956D46DE8}") = "Core", "Core", "{C57C8ECD-2F66-4D08-94A1-023E56679010}"
EndProject
Project("{2150E333-8FDC-42A3-9474-1A3956D46DE8}") = "Infrastructure", "Infrastructure", "{6F865343-63DF-4780-87EE-EB41B88F9D9A}"
EndProject
Project("{2150E333-8FDC-42A3-9474-1A3956D46DE8}") = "Presentation", "Presentation", "{8608167E-039D-40DC-AB1F-59D31155864C}"
EndProject
Project("{2150E333-8FDC-42A3-9474-1A3956D46DE8}") = "Tests", "Tests", "{15AB1564-633A-476E-9D8D-9971B60B7E06}"
EndProject
Project("{2150E333-8FDC-42A3-9474-1A3956D46DE8}") = "Core", "Core", "{1C487C45-319D-475B-9DCD-70A7388B5058}"
EndProject
Project("{2150E333-8FDC-42A3-9474-1A3956D46DE8}") = "Infrastructure", "Infrastructure", "{104E2CA9-FB46-4304-BF62-B1903F79E180}"
EndProject
Project("{2150E333-8FDC-42A3-9474-1A3956D46DE8}") = "Presentation", "Presentation", "{7CA11F14-603F-47E6-8BF4-FCDDAE02BE99}"
EndProject
Project("{2150E333-8FDC-42A3-9474-1A3956D46DE8}") = "Tests", "Tests", "{1B1FEDBD-9130-4C5C-A829-C1F1D4449716}"
EndProject
Project("{FAE04EC0-301F-11D3-BF4B-00C04F79EFBC}") = "CryptoPro.BotsService.Domain", "services\CryptoPro.BotsService\Core\CryptoPro.BotsService.Domain\CryptoPro.BotsService.Domain.csproj", "{477B6933-E616-47BA-9808-91BEDE19C2B8}"
EndProject
Project("{FAE04EC0-301F-11D3-BF4B-00C04F79EFBC}") = "CryptoPro.BotsService.Application", "services\CryptoPro.BotsService\Core\CryptoPro.BotsService.Application\CryptoPro.BotsService.Application.csproj", "{FEE64F42-E72C-487C-BD7C-68FE12A4E8EA}"
EndProject
Project("{FAE04EC0-301F-11D3-BF4B-00C04F79EFBC}") = "CryptoPro.BotsService.Infrastructure", "services\CryptoPro.BotsService\Infrastructure\CryptoPro.BotsService.Infrastructure\CryptoPro.BotsService.Infrastructure.csproj", "{4FCB2148-13A7-49D8-8C37-043BA5338C64}"
EndProject
Project("{FAE04EC0-301F-11D3-BF4B-00C04F79EFBC}") = "CryptoPro.BotsService.Persistence", "services\CryptoPro.BotsService\Infrastructure\CryptoPro.BotsService.Persistence\CryptoPro.BotsService.Persistence.csproj", "{A370E323-13FB-4DA6-A699-4C7C9BF78827}"
EndProject
Project("{FAE04EC0-301F-11D3-BF4B-00C04F79EFBC}") = "CryptoPro.BotsService.WebAPI", "services\CryptoPro.BotsService\Presentation\CryptoPro.BotsService.WebAPI\CryptoPro.BotsService.WebAPI.csproj", "{DE640C18-7ECB-4463-A300-FBA82201C6A0}"
EndProject
Project("{FAE04EC0-301F-11D3-BF4B-00C04F79EFBC}") = "CryptoPro.ClientsService.Persistence", "services\CryptoPro.ClientsService\Infrastructure\CryptoPro.ClientsService.Persistence\CryptoPro.ClientsService.Persistence.csproj", "{524CEE68-F7D8-4AEE-960D-5175DD3A05F8}"
EndProject
Project("{FAE04EC0-301F-11D3-BF4B-00C04F79EFBC}") = "CryptoPro.CoinsService.Persistence", "services\CryptoPro.CoinsService\Infrastructure\CryptoPro.CoinsService.Persistence\CryptoPro.CoinsService.Persistence.csproj", "{5E87017D-DCAF-450D-88B2-F878417FBACD}"
EndProject
Project("{FAE04EC0-301F-11D3-BF4B-00C04F79EFBC}") = "CryptoPro.CoinsService.Infrastructure", "services\CryptoPro.CoinsService\Infrastructure\CryptoPro.CoinsService.Infrastructure\CryptoPro.CoinsService.Infrastructure.csproj", "{446BA94F-7EBC-42B0-BEB8-284518D6FE97}"
EndProject
Project("{FAE04EC0-301F-11D3-BF4B-00C04F79EFBC}") = "CryptoPro.ClientsService.Infrastructure", "services\CryptoPro.ClientsService\Infrastructure\CryptoPro.ClientsService.Infrastructure\CryptoPro.ClientsService.Infrastructure.csproj", "{79099B29-2A5E-4BE8-B1B1-078BFDD7A8F5}"
EndProject
Project("{FAE04EC0-301F-11D3-BF4B-00C04F79EFBC}") = "CryptoPro.ClientsService.Domain", "services\CryptoPro.ClientsService\Core\CryptoPro.ClientsService.Domain\CryptoPro.ClientsService.Domain.csproj", "{406BCA0C-A74B-4ECB-9264-914142CBE868}"
EndProject
Project("{FAE04EC0-301F-11D3-BF4B-00C04F79EFBC}") = "CryptoPro.ClientsService.Application", "services\CryptoPro.ClientsService\Core\CryptoPro.ClientsService.Application\CryptoPro.ClientsService.Application.csproj", "{A5663F89-9DF9-41AC-AE2F-E40037E7CBD2}"
EndProject
Project("{FAE04EC0-301F-11D3-BF4B-00C04F79EFBC}") = "CryptoPro.ClientsService.WebAPI", "services\CryptoPro.ClientsService\Presentation\CryptoPro.ClientsService.WebAPI\CryptoPro.ClientsService.WebAPI.csproj", "{D6CC9232-0415-469F-9B5C-0771425247AB}"
EndProject
Project("{FAE04EC0-301F-11D3-BF4B-00C04F79EFBC}") = "CryptoPro.CoinsService.Domain", "services\CryptoPro.CoinsService\Core\CryptoPro.CoinsService.Domain\CryptoPro.CoinsService.Domain.csproj", "{4AD9E134-9FEB-4DF1-B756-48472FD048DE}"
EndProject
Project("{FAE04EC0-301F-11D3-BF4B-00C04F79EFBC}") = "CryptoPro.CoinsService.Application", "services\CryptoPro.CoinsService\Core\CryptoPro.CoinsService.Application\CryptoPro.CoinsService.Application.csproj", "{FBEE68B3-15B7-4744-A21E-1D536DC9DA78}"
EndProject
Project("{FAE04EC0-301F-11D3-BF4B-00C04F79EFBC}") = "CryptoPro.CoinsService.WebAPI", "services\CryptoPro.CoinsService\Presentation\CryptoPro.CoinsService.WebAPI\CryptoPro.CoinsService.WebAPI.csproj", "{B0EC5026-CACF-471D-8630-581C8315510A}"
EndProject
Project("{2150E333-8FDC-42A3-9474-1A3956D46DE8}") = "clients-service", "clients-service", "{9511D5C2-7A97-4D1A-B785-D62F144CD53C}"
EndProject
Project("{2150E333-8FDC-42A3-9474-1A3956D46DE8}") = "coins-service", "coins-service", "{F5ADFADE-9AC1-42C2-9D7D-48FE3BE1DC68}"
EndProject
Project("{2150E333-8FDC-42A3-9474-1A3956D46DE8}") = "bots-service", "bots-service", "{B1E2F1CC-680F-4914-9670-A955758C5F04}"
EndProject
Global
	GlobalSection(SolutionConfigurationPlatforms) = preSolution
		Debug|Any CPU = Debug|Any CPU
		Release|Any CPU = Release|Any CPU
	EndGlobalSection
	GlobalSection(NestedProjects) = preSolution
		{AD5C71E6-D723-41E9-888E-6D8A4F444530} = {55973DA7-A6BF-422C-8A44-8B8820E91722}
		{1D5D248E-E112-49D2-AC2F-9E666A562028} = {AD5C71E6-D723-41E9-888E-6D8A4F444530}
		{C182A16F-7823-4123-823B-2AECE3880877} = {A9E5A2F0-019D-4B0B-B098-731A8E370FD8}
		{043A397D-A96E-40EF-8210-31F121D2F717} = {A9E5A2F0-019D-4B0B-B098-731A8E370FD8}
		{A4A44EE4-8128-44E8-A0BA-E06A96AD91F3} = {A9E5A2F0-019D-4B0B-B098-731A8E370FD8}
		{558F9A14-F30D-45EB-8F57-0390F8287279} = {C182A16F-7823-4123-823B-2AECE3880877}
		{DE03F14B-1A62-4D0B-9931-5C1C1413BB5B} = {C182A16F-7823-4123-823B-2AECE3880877}
		{E835523A-DD37-42FE-A5D4-8A1050CFA303} = {C182A16F-7823-4123-823B-2AECE3880877}
		{7F340B82-F5FC-4A0D-85A1-644BD1EDB153} = {C182A16F-7823-4123-823B-2AECE3880877}
		{C57C8ECD-2F66-4D08-94A1-023E56679010} = {A4A44EE4-8128-44E8-A0BA-E06A96AD91F3}
		{6F865343-63DF-4780-87EE-EB41B88F9D9A} = {A4A44EE4-8128-44E8-A0BA-E06A96AD91F3}
		{8608167E-039D-40DC-AB1F-59D31155864C} = {A4A44EE4-8128-44E8-A0BA-E06A96AD91F3}
		{15AB1564-633A-476E-9D8D-9971B60B7E06} = {A4A44EE4-8128-44E8-A0BA-E06A96AD91F3}
		{1C487C45-319D-475B-9DCD-70A7388B5058} = {043A397D-A96E-40EF-8210-31F121D2F717}
		{104E2CA9-FB46-4304-BF62-B1903F79E180} = {043A397D-A96E-40EF-8210-31F121D2F717}
		{7CA11F14-603F-47E6-8BF4-FCDDAE02BE99} = {043A397D-A96E-40EF-8210-31F121D2F717}
		{1B1FEDBD-9130-4C5C-A829-C1F1D4449716} = {043A397D-A96E-40EF-8210-31F121D2F717}
		{477B6933-E616-47BA-9808-91BEDE19C2B8} = {558F9A14-F30D-45EB-8F57-0390F8287279}
		{FEE64F42-E72C-487C-BD7C-68FE12A4E8EA} = {558F9A14-F30D-45EB-8F57-0390F8287279}
		{4FCB2148-13A7-49D8-8C37-043BA5338C64} = {DE03F14B-1A62-4D0B-9931-5C1C1413BB5B}
		{A370E323-13FB-4DA6-A699-4C7C9BF78827} = {DE03F14B-1A62-4D0B-9931-5C1C1413BB5B}
		{DE640C18-7ECB-4463-A300-FBA82201C6A0} = {E835523A-DD37-42FE-A5D4-8A1050CFA303}
		{524CEE68-F7D8-4AEE-960D-5175DD3A05F8} = {6F865343-63DF-4780-87EE-EB41B88F9D9A}
		{5E87017D-DCAF-450D-88B2-F878417FBACD} = {104E2CA9-FB46-4304-BF62-B1903F79E180}
		{446BA94F-7EBC-42B0-BEB8-284518D6FE97} = {104E2CA9-FB46-4304-BF62-B1903F79E180}
		{79099B29-2A5E-4BE8-B1B1-078BFDD7A8F5} = {6F865343-63DF-4780-87EE-EB41B88F9D9A}
		{406BCA0C-A74B-4ECB-9264-914142CBE868} = {C57C8ECD-2F66-4D08-94A1-023E56679010}
		{A5663F89-9DF9-41AC-AE2F-E40037E7CBD2} = {C57C8ECD-2F66-4D08-94A1-023E56679010}
		{D6CC9232-0415-469F-9B5C-0771425247AB} = {8608167E-039D-40DC-AB1F-59D31155864C}
		{4AD9E134-9FEB-4DF1-B756-48472FD048DE} = {1C487C45-319D-475B-9DCD-70A7388B5058}
		{FBEE68B3-15B7-4744-A21E-1D536DC9DA78} = {1C487C45-319D-475B-9DCD-70A7388B5058}
		{B0EC5026-CACF-471D-8630-581C8315510A} = {7CA11F14-603F-47E6-8BF4-FCDDAE02BE99}
		{9511D5C2-7A97-4D1A-B785-D62F144CD53C} = {DBA967BC-F30C-4457-9528-3BD27692744C}
		{F5ADFADE-9AC1-42C2-9D7D-48FE3BE1DC68} = {DBA967BC-F30C-4457-9528-3BD27692744C}
		{B1E2F1CC-680F-4914-9670-A955758C5F04} = {DBA967BC-F30C-4457-9528-3BD27692744C}
	EndGlobalSection
	GlobalSection(ProjectConfigurationPlatforms) = postSolution
		{1D5D248E-E112-49D2-AC2F-9E666A562028}.Debug|Any CPU.ActiveCfg = Debug|Any CPU
		{1D5D248E-E112-49D2-AC2F-9E666A562028}.Debug|Any CPU.Build.0 = Debug|Any CPU
		{1D5D248E-E112-49D2-AC2F-9E666A562028}.Release|Any CPU.ActiveCfg = Release|Any CPU
		{1D5D248E-E112-49D2-AC2F-9E666A562028}.Release|Any CPU.Build.0 = Release|Any CPU
		{477B6933-E616-47BA-9808-91BEDE19C2B8}.Debug|Any CPU.ActiveCfg = Debug|Any CPU
		{477B6933-E616-47BA-9808-91BEDE19C2B8}.Debug|Any CPU.Build.0 = Debug|Any CPU
		{477B6933-E616-47BA-9808-91BEDE19C2B8}.Release|Any CPU.ActiveCfg = Release|Any CPU
		{477B6933-E616-47BA-9808-91BEDE19C2B8}.Release|Any CPU.Build.0 = Release|Any CPU
		{FEE64F42-E72C-487C-BD7C-68FE12A4E8EA}.Debug|Any CPU.ActiveCfg = Debug|Any CPU
		{FEE64F42-E72C-487C-BD7C-68FE12A4E8EA}.Debug|Any CPU.Build.0 = Debug|Any CPU
		{FEE64F42-E72C-487C-BD7C-68FE12A4E8EA}.Release|Any CPU.ActiveCfg = Release|Any CPU
		{FEE64F42-E72C-487C-BD7C-68FE12A4E8EA}.Release|Any CPU.Build.0 = Release|Any CPU
		{4FCB2148-13A7-49D8-8C37-043BA5338C64}.Debug|Any CPU.ActiveCfg = Debug|Any CPU
		{4FCB2148-13A7-49D8-8C37-043BA5338C64}.Debug|Any CPU.Build.0 = Debug|Any CPU
		{4FCB2148-13A7-49D8-8C37-043BA5338C64}.Release|Any CPU.ActiveCfg = Release|Any CPU
		{4FCB2148-13A7-49D8-8C37-043BA5338C64}.Release|Any CPU.Build.0 = Release|Any CPU
		{A370E323-13FB-4DA6-A699-4C7C9BF78827}.Debug|Any CPU.ActiveCfg = Debug|Any CPU
		{A370E323-13FB-4DA6-A699-4C7C9BF78827}.Debug|Any CPU.Build.0 = Debug|Any CPU
		{A370E323-13FB-4DA6-A699-4C7C9BF78827}.Release|Any CPU.ActiveCfg = Release|Any CPU
		{A370E323-13FB-4DA6-A699-4C7C9BF78827}.Release|Any CPU.Build.0 = Release|Any CPU
		{DE640C18-7ECB-4463-A300-FBA82201C6A0}.Debug|Any CPU.ActiveCfg = Debug|Any CPU
		{DE640C18-7ECB-4463-A300-FBA82201C6A0}.Debug|Any CPU.Build.0 = Debug|Any CPU
		{DE640C18-7ECB-4463-A300-FBA82201C6A0}.Release|Any CPU.ActiveCfg = Release|Any CPU
		{DE640C18-7ECB-4463-A300-FBA82201C6A0}.Release|Any CPU.Build.0 = Release|Any CPU
		{524CEE68-F7D8-4AEE-960D-5175DD3A05F8}.Debug|Any CPU.ActiveCfg = Debug|Any CPU
		{524CEE68-F7D8-4AEE-960D-5175DD3A05F8}.Debug|Any CPU.Build.0 = Debug|Any CPU
		{524CEE68-F7D8-4AEE-960D-5175DD3A05F8}.Release|Any CPU.ActiveCfg = Release|Any CPU
		{524CEE68-F7D8-4AEE-960D-5175DD3A05F8}.Release|Any CPU.Build.0 = Release|Any CPU
		{5E87017D-DCAF-450D-88B2-F878417FBACD}.Debug|Any CPU.ActiveCfg = Debug|Any CPU
		{5E87017D-DCAF-450D-88B2-F878417FBACD}.Debug|Any CPU.Build.0 = Debug|Any CPU
		{5E87017D-DCAF-450D-88B2-F878417FBACD}.Release|Any CPU.ActiveCfg = Release|Any CPU
		{5E87017D-DCAF-450D-88B2-F878417FBACD}.Release|Any CPU.Build.0 = Release|Any CPU
		{446BA94F-7EBC-42B0-BEB8-284518D6FE97}.Debug|Any CPU.ActiveCfg = Debug|Any CPU
		{446BA94F-7EBC-42B0-BEB8-284518D6FE97}.Debug|Any CPU.Build.0 = Debug|Any CPU
		{446BA94F-7EBC-42B0-BEB8-284518D6FE97}.Release|Any CPU.ActiveCfg = Release|Any CPU
		{446BA94F-7EBC-42B0-BEB8-284518D6FE97}.Release|Any CPU.Build.0 = Release|Any CPU
		{79099B29-2A5E-4BE8-B1B1-078BFDD7A8F5}.Debug|Any CPU.ActiveCfg = Debug|Any CPU
		{79099B29-2A5E-4BE8-B1B1-078BFDD7A8F5}.Debug|Any CPU.Build.0 = Debug|Any CPU
		{79099B29-2A5E-4BE8-B1B1-078BFDD7A8F5}.Release|Any CPU.ActiveCfg = Release|Any CPU
		{79099B29-2A5E-4BE8-B1B1-078BFDD7A8F5}.Release|Any CPU.Build.0 = Release|Any CPU
		{406BCA0C-A74B-4ECB-9264-914142CBE868}.Debug|Any CPU.ActiveCfg = Debug|Any CPU
		{406BCA0C-A74B-4ECB-9264-914142CBE868}.Debug|Any CPU.Build.0 = Debug|Any CPU
		{406BCA0C-A74B-4ECB-9264-914142CBE868}.Release|Any CPU.ActiveCfg = Release|Any CPU
		{406BCA0C-A74B-4ECB-9264-914142CBE868}.Release|Any CPU.Build.0 = Release|Any CPU
		{A5663F89-9DF9-41AC-AE2F-E40037E7CBD2}.Debug|Any CPU.ActiveCfg = Debug|Any CPU
		{A5663F89-9DF9-41AC-AE2F-E40037E7CBD2}.Debug|Any CPU.Build.0 = Debug|Any CPU
		{A5663F89-9DF9-41AC-AE2F-E40037E7CBD2}.Release|Any CPU.ActiveCfg = Release|Any CPU
		{A5663F89-9DF9-41AC-AE2F-E40037E7CBD2}.Release|Any CPU.Build.0 = Release|Any CPU
		{D6CC9232-0415-469F-9B5C-0771425247AB}.Debug|Any CPU.ActiveCfg = Debug|Any CPU
		{D6CC9232-0415-469F-9B5C-0771425247AB}.Debug|Any CPU.Build.0 = Debug|Any CPU
		{D6CC9232-0415-469F-9B5C-0771425247AB}.Release|Any CPU.ActiveCfg = Release|Any CPU
		{D6CC9232-0415-469F-9B5C-0771425247AB}.Release|Any CPU.Build.0 = Release|Any CPU
		{4AD9E134-9FEB-4DF1-B756-48472FD048DE}.Debug|Any CPU.ActiveCfg = Debug|Any CPU
		{4AD9E134-9FEB-4DF1-B756-48472FD048DE}.Debug|Any CPU.Build.0 = Debug|Any CPU
		{4AD9E134-9FEB-4DF1-B756-48472FD048DE}.Release|Any CPU.ActiveCfg = Release|Any CPU
		{4AD9E134-9FEB-4DF1-B756-48472FD048DE}.Release|Any CPU.Build.0 = Release|Any CPU
		{FBEE68B3-15B7-4744-A21E-1D536DC9DA78}.Debug|Any CPU.ActiveCfg = Debug|Any CPU
		{FBEE68B3-15B7-4744-A21E-1D536DC9DA78}.Debug|Any CPU.Build.0 = Debug|Any CPU
		{FBEE68B3-15B7-4744-A21E-1D536DC9DA78}.Release|Any CPU.ActiveCfg = Release|Any CPU
		{FBEE68B3-15B7-4744-A21E-1D536DC9DA78}.Release|Any CPU.Build.0 = Release|Any CPU
		{B0EC5026-CACF-471D-8630-581C8315510A}.Debug|Any CPU.ActiveCfg = Debug|Any CPU
		{B0EC5026-CACF-471D-8630-581C8315510A}.Debug|Any CPU.Build.0 = Debug|Any CPU
		{B0EC5026-CACF-471D-8630-581C8315510A}.Release|Any CPU.ActiveCfg = Release|Any CPU
		{B0EC5026-CACF-471D-8630-581C8315510A}.Release|Any CPU.Build.0 = Release|Any CPU
	EndGlobalSection
EndGlobal
